
Microsoft Visual Studio Solution File, Format Version 12.00
# Visual Studio Version 17
VisualStudioVersion = 17.2.32516.85
MinimumVisualStudioVersion = 10.0.40219.1
Project("{FAE04EC0-301F-11D3-BF4B-00C04F79EFBC}") = "Ejercicio Alumnos", "Ejercicio Alumnos\Ejercicio Alumnos.csproj", "{8BA2A2E1-9737-422A-AD8B-497429CAC04E}"
EndProject
Project("{FAE04EC0-301F-11D3-BF4B-00C04F79EFBC}") = "BL", "BL\BL.csproj", "{5459F3CA-610A-4A13-A55A-B5973C393BA3}"
EndProject
Global
	GlobalSection(SolutionConfigurationPlatforms) = preSolution
		Debug|Any CPU = Debug|Any CPU
		Release|Any CPU = Release|Any CPU
	EndGlobalSection
	GlobalSection(ProjectConfigurationPlatforms) = postSolution
		{8BA2A2E1-9737-422A-AD8B-497429CAC04E}.Debug|Any CPU.ActiveCfg = Debug|Any CPU
		{8BA2A2E1-9737-422A-AD8B-497429CAC04E}.Debug|Any CPU.Build.0 = Debug|Any CPU
		{8BA2A2E1-9737-422A-AD8B-497429CAC04E}.Release|Any CPU.ActiveCfg = Release|Any CPU
		{8BA2A2E1-9737-422A-AD8B-497429CAC04E}.Release|Any CPU.Build.0 = Release|Any CPU
		{5459F3CA-610A-4A13-A55A-B5973C393BA3}.Debug|Any CPU.ActiveCfg = Debug|Any CPU
		{5459F3CA-610A-4A13-A55A-B5973C393BA3}.Debug|Any CPU.Build.0 = Debug|Any CPU
		{5459F3CA-610A-4A13-A55A-B5973C393BA3}.Release|Any CPU.ActiveCfg = Release|Any CPU
		{5459F3CA-610A-4A13-A55A-B5973C393BA3}.Release|Any CPU.Build.0 = Release|Any CPU
	EndGlobalSection
	GlobalSection(SolutionProperties) = preSolution
		HideSolutionNode = FALSE
	EndGlobalSection
	GlobalSection(ExtensibilityGlobals) = postSolution
		SolutionGuid = {C14DD967-B45C-4B3F-9868-25F67A7E3D9D}
	EndGlobalSection
EndGlobal
